
Microsoft Visual Studio Solution File, Format Version 12.00
# Visual Studio Version 16
VisualStudioVersion = 16.0.29324.140
MinimumVisualStudioVersion = 10.0.40219.1
Project("{FAE04EC0-301F-11D3-BF4B-00C04F79EFBC}") = "ExistExportToSQL", "ExistExportToSQL\ExistExportToSQL.csproj", "{86ACADED-3C9D-4160-937D-D86830F34D1F}"
EndProject
Global
	GlobalSection(SolutionConfigurationPlatforms) = preSolution
		Debug|Any CPU = Debug|Any CPU
		Release|Any CPU = Release|Any CPU
	EndGlobalSection
	GlobalSection(ProjectConfigurationPlatforms) = postSolution
		{86ACADED-3C9D-4160-937D-D86830F34D1F}.Debug|Any CPU.ActiveCfg = Debug|Any CPU
		{86ACADED-3C9D-4160-937D-D86830F34D1F}.Debug|Any CPU.Build.0 = Debug|Any CPU
		{86ACADED-3C9D-4160-937D-D86830F34D1F}.Release|Any CPU.ActiveCfg = Release|Any CPU
		{86ACADED-3C9D-4160-937D-D86830F34D1F}.Release|Any CPU.Build.0 = Release|Any CPU
	EndGlobalSection
	GlobalSection(SolutionProperties) = preSolution
		HideSolutionNode = FALSE
	EndGlobalSection
	GlobalSection(ExtensibilityGlobals) = postSolution
		SolutionGuid = {7A4DA50D-0545-49BB-9BF3-5B2D464180EE}
	EndGlobalSection
EndGlobal
